github.com/davecgh/go-spew v1.1.1 h1:vj9j/u1bqnvCEfJOwUhtlOARqs3+rkHYY13jYWTU97c=
github.com/davecgh/go-spew v1.1.1/go.mod h1:J7Y8YcW2NihsgmVo/mv3lAwl/skON4iLHjSsI+c5H38=
github.com/mjwhitta/babble v0.4.6 h1:OhE0cDIIJeMr32NOz7EpblQYi7NOEvwR3fzRX9AvAko=
github.com/mjwhitta/babble v0.4.6/go.mod h1:TDNNqrZVg96+u4zQtyQDI7ahs/UAPnMMAGya7pcqBn4=
github.com/mjwhitta/cli v1.14.1 h1:L/7utDUHlVWl49IU37/1sbqi0wq+j8zC3vvs23zxfP4=
github.com/mjwhitta/cli v1.14.1/go.mod h1:FExUKKbrIOLNM8cKN1XO1CLYlILSiu/Ae1M9t4gStzw=
github.com/mjwhitta/cplib v1.2.10 h1:mwGht2/usBdBjIH0YlHliCAsLLKW/kkB1+Q6bHGBumk=
github.com/mjwhitta/cplib v1.2.10/go.mod h1:qVih25Bv/tSjEaaFTC62iCcqXszivVY917xDm9pTNPk=
github.com/mjwhitta/errors v1.0.7 h1:gj4MNIc/DiZMZ7B0+Tz/0ExhpwurzOmuO3THTJZGkHw=
github.com/mjwhitta/errors v1.0.7/go.mod h1:NoDi7MJLuXJuf69DeHiQMveI72TcKJdEAGVb2JJOVOs=
github.com/mjwhitta/pathname v1.3.1 h1:hBkMT4ukA8hLEMIRvmWvylNHNzhX0SCf8tJ9KJEFcyo=
github.com/mjwhitta/pathname v1.3.1/go.mod h1:ZxV5Xv1EiDTmoFYAuzTnTZ8A8EWOD+uR+LugcaTfWd0=
github.com/pmezard/go-difflib v1.0.0 h1:4DBwDE0NGyQoBHbLQYPwSUPoCMWR5BEzIk/f1lZbAQM=
github.com/pmezard/go-difflib v1.0.0/go.mod h1:iKH77koFhYxTK1pcRnkKkqfTogsbg7gZNVY4sRDYZ/4=
github.com/stretchr/testify v1.11.1 h1:7s2iGBzp5EwR7/aIZr8ao5+dra3wiQyKjjFuvgVKu7U=
github.com/stretchr/testify v1.11.1/go.mod h1:wZwfW3scLgRK+23gO65QZefKpKQRnfz6sD981Nm4B6U=
golang.org/x/sys v0.43.0 h1:Rlag2XtaFTxp19wS8MXlJwTvoh8ArU6ezoyFsMyCTNI=
golang.org/x/sys v0.43.0/go.mod h1:4GL1E5IUh+htKOUEOaiffhrAeqysfVGipDYzABqnCmw=
gopkg.in/yaml.v3 v3.0.1 h1:fxVm/GzAzEWqLHuvctI91KS9hhNmmWOoWu0XTYJS7CA=
gopkg.in/yaml.v3 v3.0.1/go.mod h1:K4uyk7z7BCEPqu6E+C64Yfv1cQ7kz7rIZviUmN+EgEM=
